
Microsoft Visual Studio Solution File, Format Version 12.00
# Visual Studio Version 17
VisualStudioVersion = 17.6.33829.357
MinimumVisualStudioVersion = 10.0.40219.1
Project("{FAE04EC0-301F-11D3-BF4B-00C04F79EFBC}") = "VigenerCipher", "VigenerCipher\VigenerCipher.csproj", "{7718CCD1-04A6-49E4-A4B5-CACAB66EA5EB}"
EndProject
Global
	GlobalSection(SolutionConfigurationPlatforms) = preSolution
		Debug|Any CPU = Debug|Any CPU
		Release|Any CPU = Release|Any CPU
	EndGlobalSection
	GlobalSection(ProjectConfigurationPlatforms) = postSolution
		{7718CCD1-04A6-49E4-A4B5-CACAB66EA5EB}.Debug|Any CPU.ActiveCfg = Debug|Any CPU
		{7718CCD1-04A6-49E4-A4B5-CACAB66EA5EB}.Debug|Any CPU.Build.0 = Debug|Any CPU
		{7718CCD1-04A6-49E4-A4B5-CACAB66EA5EB}.Release|Any CPU.ActiveCfg = Release|Any CPU
		{7718CCD1-04A6-49E4-A4B5-CACAB66EA5EB}.Release|Any CPU.Build.0 = Release|Any CPU
	EndGlobalSection
	GlobalSection(SolutionProperties) = preSolution
		HideSolutionNode = FALSE
	EndGlobalSection
	GlobalSection(ExtensibilityGlobals) = postSolution
		SolutionGuid = {1731E8FB-FBFF-4051-B2AC-A0BF38580A4C}
	EndGlobalSection
EndGlobal
